
Microsoft Visual Studio Solution File, Format Version 12.00
# Visual Studio Version 16
VisualStudioVersion = 16.0.30804.86
MinimumVisualStudioVersion = 10.0.40219.1
Project("{FAE04EC0-301F-11D3-BF4B-00C04F79EFBC}") = "RegineDesignAdmin", "RegineDesignAdmin.csproj", "{9DEED954-FAE6-4211-A069-A4509D9C3F22}"
EndProject
Global
	GlobalSection(SolutionConfigurationPlatforms) = preSolution
		Debug|Any CPU = Debug|Any CPU
		Release|Any CPU = Release|Any CPU
	EndGlobalSection
	GlobalSection(ProjectConfigurationPlatforms) = postSolution
		{9DEED954-FAE6-4211-A069-A4509D9C3F22}.Debug|Any CPU.ActiveCfg = Debug|Any CPU
		{9DEED954-FAE6-4211-A069-A4509D9C3F22}.Debug|Any CPU.Build.0 = Debug|Any CPU
		{9DEED954-FAE6-4211-A069-A4509D9C3F22}.Release|Any CPU.ActiveCfg = Release|Any CPU
		{9DEED954-FAE6-4211-A069-A4509D9C3F22}.Release|Any CPU.Build.0 = Release|Any CPU
	EndGlobalSection
	GlobalSection(SolutionProperties) = preSolution
		HideSolutionNode = FALSE
	EndGlobalSection
	GlobalSection(ExtensibilityGlobals) = postSolution
		SolutionGuid = {CAD204F9-54BA-4323-9FBD-7D3E9B1E938A}
	EndGlobalSection
EndGlobal
